github.com/gethugothemes/hugo-modules/components/cookie-consent v0.0.0-20250421104330-bca9c73678cd h1:nEm8UEb1eTS2nwV0nt/Zp1cC6/oUO314k1y77YJsYSY=
github.com/gethugothemes/hugo-modules/components/cookie-consent v0.0.0-20250421104330-bca9c73678cd/go.mod h1:511ERLpGe3ZTfV2z/NAtUSR5NqKF26h9z5lU/zYV4YQ=
github.com/gethugothemes/hugo-modules/components/cookie-consent v0.0.0-20250506103127-ece249538add h1:cCK9yEb34Na0wCVpBF1+5YjG75yjTBGAJmPKROX4Efk=
github.com/gethugothemes/hugo-modules/components/cookie-consent v0.0.0-20250506103127-ece249538add/go.mod h1:511ERLpGe3ZTfV2z/NAtUSR5NqKF26h9z5lU/zYV4YQ=
github.com/gethugothemes/hugo-modules/icons/font-awesome v0.0.0-20250421104330-bca9c73678cd h1:w29xQdd+C2jKaO18cNbsesKeZAZfRqSuyR1x+uS4osc=
github.com/gethugothemes/hugo-modules/icons/font-awesome v0.0.0-20250421104330-bca9c73678cd/go.mod h1:d3gy1vQyfasPmGpau7HpQLrXbOv23PfXclSnjyOBxeU=
github.com/gethugothemes/hugo-modules/icons/font-awesome v0.0.0-20250506103127-ece249538add h1:nlFnQwXIaWn8jVo43jddB6crFuBGdwUAbR3dB04XXBI=
github.com/gethugothemes/hugo-modules/icons/font-awesome v0.0.0-20250506103127-ece249538add/go.mod h1:d3gy1vQyfasPmGpau7HpQLrXbOv23PfXclSnjyOBxeU=
